// !$*UTF8*$!
{
	archiveVersion = 1;
	classes = {
	};
	objectVersion = 50;
	objects = {

/* Begin PBXBuildFile section */
		6E093FDD236D15EF00C54020 /* WebImageView.swift in Sources */ = {isa = PBXBuildFile; fileRef = 6E093FDC236D15EF00C54020 /* WebImageView.swift */; };
		6E093FDF23724ACD00C54020 /* NewsfeedCellLayoutCalculator.swift in Sources */ = {isa = PBXBuildFile; fileRef = 6E093FDE23724ACD00C54020 /* NewsfeedCellLayoutCalculator.swift */; };
		6E093FE123823EF200C54020 /* String + Height.swift in Sources */ = {isa = PBXBuildFile; fileRef = 6E093FE023823EF200C54020 /* String + Height.swift */; };
		6E129BD42365386400C51C19 /* AppDelegate.swift in Sources */ = {isa = PBXBuildFile; fileRef = 6E129BD32365386400C51C19 /* AppDelegate.swift */; };
		6E129BDB2365386700C51C19 /* Assets.xcassets in Resources */ = {isa = PBXBuildFile; fileRef = 6E129BDA2365386700C51C19 /* Assets.xcassets */; };
		6E129BDE2365386700C51C19 /* LaunchScreen.storyboard in Resources */ = {isa = PBXBuildFile; fileRef = 6E129BDC2365386700C51C19 /* LaunchScreen.storyboard */; };
		6E129BE92365386700C51C19 /* VKNewsTests.swift in Sources */ = {isa = PBXBuildFile; fileRef = 6E129BE82365386700C51C19 /* VKNewsTests.swift */; };
		6E129BF42365386700C51C19 /* VKNewsUITests.swift in Sources */ = {isa = PBXBuildFile; fileRef = 6E129BF32365386700C51C19 /* VKNewsUITests.swift */; };
		6E3070E923678AC20025C6A5 /* NewsfeedPresenter.swift in Sources */ = {isa = PBXBuildFile; fileRef = 6E3070E223678AC10025C6A5 /* NewsfeedPresenter.swift */; };
		6E3070EA23678AC20025C6A5 /* NewsfeedWorker.swift in Sources */ = {isa = PBXBuildFile; fileRef = 6E3070E323678AC10025C6A5 /* NewsfeedWorker.swift */; };
		6E3070EB23678AC20025C6A5 /* NewsfeedRouter.swift in Sources */ = {isa = PBXBuildFile; fileRef = 6E3070E423678AC10025C6A5 /* NewsfeedRouter.swift */; };
		6E3070EC23678AC20025C6A5 /* NewsfeedModels.swift in Sources */ = {isa = PBXBuildFile; fileRef = 6E3070E523678AC10025C6A5 /* NewsfeedModels.swift */; };
		6E3070ED23678AC20025C6A5 /* NewsfeedViewController.swift in Sources */ = {isa = PBXBuildFile; fileRef = 6E3070E623678AC10025C6A5 /* NewsfeedViewController.swift */; };
		6E3070EE23678AC20025C6A5 /* NewsfeedInteractor.swift in Sources */ = {isa = PBXBuildFile; fileRef = 6E3070E723678AC10025C6A5 /* NewsfeedInteractor.swift */; };
		6E3070F12367986C0025C6A5 /* NewsfeedViewController.storyboard in Resources */ = {isa = PBXBuildFile; fileRef = 6E3070F02367986C0025C6A5 /* NewsfeedViewController.storyboard */; };
		6E3070F42367A1ED0025C6A5 /* NewsfeedCell.swift in Sources */ = {isa = PBXBuildFile; fileRef = 6E3070F32367A1EC0025C6A5 /* NewsfeedCell.swift */; };
		6E3070F62367A2D60025C6A5 /* NewsfeedCell.xib in Resources */ = {isa = PBXBuildFile; fileRef = 6E3070F52367A2D60025C6A5 /* NewsfeedCell.xib */; };
		6E7DA39E2365A051003697F7 /* AuthService.swift in Sources */ = {isa = PBXBuildFile; fileRef = 6E7DA39D2365A051003697F7 /* AuthService.swift */; };
		6E7DA3A123672CB3003697F7 /* AuthViewController.swift in Sources */ = {isa = PBXBuildFile; fileRef = 6E7DA3A023672CB3003697F7 /* AuthViewController.swift */; };
		6E7DA3A323672D2B003697F7 /* AuthViewController.storyboard in Resources */ = {isa = PBXBuildFile; fileRef = 6E7DA3A223672D2B003697F7 /* AuthViewController.storyboard */; };
		6E7DA3AD236737AB003697F7 /* UIViewController + Storyboard.swift in Sources */ = {isa = PBXBuildFile; fileRef = 6E7DA3AC236737AB003697F7 /* UIViewController + Storyboard.swift */; };
		6E7DA3B023673B7E003697F7 /* NetworkService.swift in Sources */ = {isa = PBXBuildFile; fileRef = 6E7DA3AF23673B7E003697F7 /* NetworkService.swift */; };
		6E7DA3B223673CB9003697F7 /* API.swift in Sources */ = {isa = PBXBuildFile; fileRef = 6E7DA3B123673CB9003697F7 /* API.swift */; };
		6E7DA3B523674C92003697F7 /* FeedResponse.swift in Sources */ = {isa = PBXBuildFile; fileRef = 6E7DA3B423674C92003697F7 /* FeedResponse.swift */; };
		6E7DA3B723674E9B003697F7 /* NetworkDataFetcher.swift in Sources */ = {isa = PBXBuildFile; fileRef = 6E7DA3B623674E9B003697F7 /* NetworkDataFetcher.swift */; };
/* End PBXBuildFile section */

/* Begin PBXContainerItemProxy section */
		6E129BE52365386700C51C19 /* PBXContainerItemProxy */ = {
			isa = PBXContainerItemProxy;
			containerPortal = 6E129BC82365386400C51C19 /* Project object */;
			proxyType = 1;
			remoteGlobalIDString = 6E129BCF2365386400C51C19;
			remoteInfo = VKNews;
		};
		6E129BF02365386700C51C19 /* PBXContainerItemProxy */ = {
			isa = PBXContainerItemProxy;
			containerPortal = 6E129BC82365386400C51C19 /* Project object */;
			proxyType = 1;
			remoteGlobalIDString = 6E129BCF2365386400C51C19;
			remoteInfo = VKNews;
		};
/* End PBXContainerItemProxy section */

/* Begin PBXFileReference section */
		6E093FDC236D15EF00C54020 /* WebImageView.swift */ = {isa = PBXFileReference; lastKnownFileType = sourcecode.swift; path = WebImageView.swift; sourceTree = "<group>"; };
		6E093FDE23724ACD00C54020 /* NewsfeedCellLayoutCalculator.swift */ = {isa = PBXFileReference; lastKnownFileType = sourcecode.swift; path = NewsfeedCellLayoutCalculator.swift; sourceTree = "<group>"; };
		6E093FE023823EF200C54020 /* String + Height.swift */ = {isa = PBXFileReference; lastKnownFileType = sourcecode.swift; path = "String + Height.swift"; sourceTree = "<group>"; };
		6E129BD02365386400C51C19 /* VKNews.app */ = {isa = PBXFileReference; explicitFileType = wrapper.application; includeInIndex = 0; path = VKNews.app; sourceTree = BUILT_PRODUCTS_DIR; };
		6E129BD32365386400C51C19 /* AppDelegate.swift */ = {isa = PBXFileReference; lastKnownFileType = sourcecode.swift; path = AppDelegate.swift; sourceTree = "<group>"; };
		6E129BDA2365386700C51C19 /* Assets.xcassets */ = {isa = PBXFileReference; lastKnownFileType = folder.assetcatalog; path = Assets.xcassets; sourceTree = "<group>"; };
		6E129BDD2365386700C51C19 /* Base */ = {isa = PBXFileReference; lastKnownFileType = file.storyboard; name = Base; path = Base.lproj/LaunchScreen.storyboard; sourceTree = "<group>"; };
		6E129BDF2365386700C51C19 /* Info.plist */ = {isa = PBXFileReference; lastKnownFileType = text.plist.xml; path = Info.plist; sourceTree = "<group>"; };
		6E129BE42365386700C51C19 /* VKNewsTests.xctest */ = {isa = PBXFileReference; explicitFileType = wrapper.cfbundle; includeInIndex = 0; path = VKNewsTests.xctest; sourceTree = BUILT_PRODUCTS_DIR; };
		6E129BE82365386700C51C19 /* VKNewsTests.swift */ = {isa = PBXFileReference; lastKnownFileType = sourcecode.swift; path = VKNewsTests.swift; sourceTree = "<group>"; };
		6E129BEA2365386700C51C19 /* Info.plist */ = {isa = PBXFileReference; lastKnownFileType = text.plist.xml; path = Info.plist; sourceTree = "<group>"; };
		6E129BEF2365386700C51C19 /* VKNewsUITests.xctest */ = {isa = PBXFileReference; explicitFileType = wrapper.cfbundle; includeInIndex = 0; path = VKNewsUITests.xctest; sourceTree = BUILT_PRODUCTS_DIR; };
		6E129BF32365386700C51C19 /* VKNewsUITests.swift */ = {isa = PBXFileReference; lastKnownFileType = sourcecode.swift; path = VKNewsUITests.swift; sourceTree = "<group>"; };
		6E129BF52365386700C51C19 /* Info.plist */ = {isa = PBXFileReference; lastKnownFileType = text.plist.xml; path = Info.plist; sourceTree = "<group>"; };
		6E3070E223678AC10025C6A5 /* NewsfeedPresenter.swift */ = {isa = PBXFileReference; lastKnownFileType = sourcecode.swift; path = NewsfeedPresenter.swift; sourceTree = "<group>"; };
		6E3070E323678AC10025C6A5 /* NewsfeedWorker.swift */ = {isa = PBXFileReference; lastKnownFileType = sourcecode.swift; path = NewsfeedWorker.swift; sourceTree = "<group>"; };
		6E3070E423678AC10025C6A5 /* NewsfeedRouter.swift */ = {isa = PBXFileReference; lastKnownFileType = sourcecode.swift; path = NewsfeedRouter.swift; sourceTree = "<group>"; };
		6E3070E523678AC10025C6A5 /* NewsfeedModels.swift */ = {isa = PBXFileReference; lastKnownFileType = sourcecode.swift; path = NewsfeedModels.swift; sourceTree = "<group>"; };
		6E3070E623678AC10025C6A5 /* NewsfeedViewController.swift */ = {isa = PBXFileReference; lastKnownFileType = sourcecode.swift; path = NewsfeedViewController.swift; sourceTree = "<group>"; };
		6E3070E723678AC10025C6A5 /* NewsfeedInteractor.swift */ = {isa = PBXFileReference; lastKnownFileType = sourcecode.swift; path = NewsfeedInteractor.swift; sourceTree = "<group>"; };
		6E3070F02367986C0025C6A5 /* NewsfeedViewController.storyboard */ = {isa = PBXFileReference; lastKnownFileType = file.storyboard; path = NewsfeedViewController.storyboard; sourceTree = "<group>"; };
		6E3070F32367A1EC0025C6A5 /* NewsfeedCell.swift */ = {isa = PBXFileReference; lastKnownFileType = sourcecode.swift; path = NewsfeedCell.swift; sourceTree = "<group>"; };
		6E3070F52367A2D60025C6A5 /* NewsfeedCell.xib */ = {isa = PBXFileReference; lastKnownFileType = file.xib; path = NewsfeedCell.xib; sourceTree = "<group>"; };
		6E7DA39D2365A051003697F7 /* AuthService.swift */ = {isa = PBXFileReference; lastKnownFileType = sourcecode.swift; path = AuthService.swift; sourceTree = "<group>"; };
		6E7DA3A023672CB3003697F7 /* AuthViewController.swift */ = {isa = PBXFileReference; lastKnownFileType = sourcecode.swift; path = AuthViewController.swift; sourceTree = "<group>"; };
		6E7DA3A223672D2B003697F7 /* AuthViewController.storyboard */ = {isa = PBXFileReference; lastKnownFileType = file.storyboard; path = AuthViewController.storyboard; sourceTree = "<group>"; };
		6E7DA3AC236737AB003697F7 /* UIViewController + Storyboard.swift */ = {isa = PBXFileReference; lastKnownFileType = sourcecode.swift; path = "UIViewController + Storyboard.swift"; sourceTree = "<group>"; };
		6E7DA3AF23673B7E003697F7 /* NetworkService.swift */ = {isa = PBXFileReference; lastKnownFileType = sourcecode.swift; path = NetworkService.swift; sourceTree = "<group>"; };
		6E7DA3B123673CB9003697F7 /* API.swift */ = {isa = PBXFileReference; lastKnownFileType = sourcecode.swift; path = API.swift; sourceTree = "<group>"; };
		6E7DA3B423674C92003697F7 /* FeedResponse.swift */ = {isa = PBXFileReference; lastKnownFileType = sourcecode.swift; path = FeedResponse.swift; sourceTree = "<group>"; };
		6E7DA3B623674E9B003697F7 /* NetworkDataFetcher.swift */ = {isa = PBXFileReference; lastKnownFileType = sourcecode.swift; path = NetworkDataFetcher.swift; sourceTree = "<group>"; };
/* End PBXFileReference section */

/* Begin PBXFrameworksBuildPhase section */
		6E129BCD2365386400C51C19 /* Frameworks */ = {
			isa = PBXFrameworksBuildPhase;
			buildActionMask = 2147483647;
			files = (
			);
			runOnlyForDeploymentPostprocessing = 0;
		};
		6E129BE12365386700C51C19 /* Frameworks */ = {
			isa = PBXFrameworksBuildPhase;
			buildActionMask = 2147483647;
			files = (
			);
			runOnlyForDeploymentPostprocessing = 0;
		};
		6E129BEC2365386700C51C19 /* Frameworks */ = {
			isa = PBXFrameworksBuildPhase;
			buildActionMask = 2147483647;
			files = (
			);
			runOnlyForDeploymentPostprocessing = 0;
		};
/* End PBXFrameworksBuildPhase section */

/* Begin PBXGroup section */
		6E129BC72365386400C51C19 = {
			isa = PBXGroup;
			children = (
				6E129BD22365386400C51C19 /* VKNews */,
				6E129BE72365386700C51C19 /* VKNewsTests */,
				6E129BF22365386700C51C19 /* VKNewsUITests */,
				6E129BD12365386400C51C19 /* Products */,
				6E129C012365407B00C51C19 /* Frameworks */,
			);
			sourceTree = "<group>";
		};
		6E129BD12365386400C51C19 /* Products */ = {
			isa = PBXGroup;
			children = (
				6E129BD02365386400C51C19 /* VKNews.app */,
				6E129BE42365386700C51C19 /* VKNewsTests.xctest */,
				6E129BEF2365386700C51C19 /* VKNewsUITests.xctest */,
			);
			name = Products;
			sourceTree = "<group>";
		};
		6E129BD22365386400C51C19 /* VKNews */ = {
			isa = PBXGroup;
			children = (
				6E129BD32365386400C51C19 /* AppDelegate.swift */,
				6E7DA39F2365A063003697F7 /* Services */,
				6E7DA3A423672D38003697F7 /* Auth */,
				6E7DA3AE236737C7003697F7 /* Helpers */,
				6E129BDA2365386700C51C19 /* Assets.xcassets */,
				6E129BDC2365386700C51C19 /* LaunchScreen.storyboard */,
				6E129BDF2365386700C51C19 /* Info.plist */,
			);
			path = VKNews;
			sourceTree = "<group>";
		};
		6E129BE72365386700C51C19 /* VKNewsTests */ = {
			isa = PBXGroup;
			children = (
				6E129BE82365386700C51C19 /* VKNewsTests.swift */,
				6E129BEA2365386700C51C19 /* Info.plist */,
			);
			path = VKNewsTests;
			sourceTree = "<group>";
		};
		6E129BF22365386700C51C19 /* VKNewsUITests */ = {
			isa = PBXGroup;
			children = (
				6E129BF32365386700C51C19 /* VKNewsUITests.swift */,
				6E129BF52365386700C51C19 /* Info.plist */,
			);
			path = VKNewsUITests;
			sourceTree = "<group>";
		};
		6E129C012365407B00C51C19 /* Frameworks */ = {
			isa = PBXGroup;
			children = (
			);
			name = Frameworks;
			sourceTree = "<group>";
		};
		6E3070E123678A880025C6A5 /* NewsFeed */ = {
			isa = PBXGroup;
			children = (
				6E3070F22367A1CA0025C6A5 /* Cell */,
				6E3070E623678AC10025C6A5 /* NewsfeedViewController.swift */,
				6E3070F02367986C0025C6A5 /* NewsfeedViewController.storyboard */,
				6E3070E723678AC10025C6A5 /* NewsfeedInteractor.swift */,
				6E3070E223678AC10025C6A5 /* NewsfeedPresenter.swift */,
				6E3070E523678AC10025C6A5 /* NewsfeedModels.swift */,
				6E3070E323678AC10025C6A5 /* NewsfeedWorker.swift */,
				6E3070E423678AC10025C6A5 /* NewsfeedRouter.swift */,
			);
			path = NewsFeed;
			sourceTree = "<group>";
		};
		6E3070F22367A1CA0025C6A5 /* Cell */ = {
			isa = PBXGroup;
			children = (
				6E3070F32367A1EC0025C6A5 /* NewsfeedCell.swift */,
				6E093FDE23724ACD00C54020 /* NewsfeedCellLayoutCalculator.swift */,
				6E3070F52367A2D60025C6A5 /* NewsfeedCell.xib */,
			);
			path = Cell;
			sourceTree = "<group>";
		};
		6E7DA39F2365A063003697F7 /* Services */ = {
			isa = PBXGroup;
			children = (
				6E7DA3B323674C75003697F7 /* Models */,
				6E7DA39D2365A051003697F7 /* AuthService.swift */,
				6E7DA3AF23673B7E003697F7 /* NetworkService.swift */,
				6E7DA3B123673CB9003697F7 /* API.swift */,
				6E7DA3B623674E9B003697F7 /* NetworkDataFetcher.swift */,
			);
			path = Services;
			sourceTree = "<group>";
		};
		6E7DA3A423672D38003697F7 /* Auth */ = {
			isa = PBXGroup;
			children = (
				6E7DA3A023672CB3003697F7 /* AuthViewController.swift */,
				6E7DA3A223672D2B003697F7 /* AuthViewController.storyboard */,
				6E3070E123678A880025C6A5 /* NewsFeed */,
			);
			path = Auth;
			sourceTree = "<group>";
		};
		6E7DA3AE236737C7003697F7 /* Helpers */ = {
			isa = PBXGroup;
			children = (
				6E7DA3AC236737AB003697F7 /* UIViewController + Storyboard.swift */,
				6E093FDC236D15EF00C54020 /* WebImageView.swift */,
				6E093FE023823EF200C54020 /* String + Height.swift */,
			);
			path = Helpers;
			sourceTree = "<group>";
		};
		6E7DA3B323674C75003697F7 /* Models */ = {
			isa = PBXGroup;
			children = (
				6E7DA3B423674C92003697F7 /* FeedResponse.swift */,
			);
			path = Models;
			sourceTree = "<group>";
		};
/* End PBXGroup section */

/* Begin PBXNativeTarget section */
		6E129BCF2365386400C51C19 /* VKNews */ = {
			isa = PBXNativeTarget;
			buildConfigurationList = 6E129BF82365386700C51C19 /* Build configuration list for PBXNativeTarget "VKNews" */;
			buildPhases = (
				6E129BCC2365386400C51C19 /* Sources */,
				6E129BCD2365386400C51C19 /* Frameworks */,
				6E129BCE2365386400C51C19 /* Resources */,
				6E129C05236545AE00C51C19 /* ShellScript */,
			);
			buildRules = (
			);
			dependencies = (
			);
			name = VKNews;
			productName = VKNews;
			productReference = 6E129BD02365386400C51C19 /* VKNews.app */;
			productType = "com.apple.product-type.application";
		};
		6E129BE32365386700C51C19 /* VKNewsTests */ = {
			isa = PBXNativeTarget;
			buildConfigurationList = 6E129BFB2365386700C51C19 /* Build configuration list for PBXNativeTarget "VKNewsTests" */;
			buildPhases = (
				6E129BE02365386700C51C19 /* Sources */,
				6E129BE12365386700C51C19 /* Frameworks */,
				6E129BE22365386700C51C19 /* Resources */,
			);
			buildRules = (
			);
			dependencies = (
				6E129BE62365386700C51C19 /* PBXTargetDependency */,
			);
			name = VKNewsTests;
			productName = VKNewsTests;
			productReference = 6E129BE42365386700C51C19 /* VKNewsTests.xctest */;
			productType = "com.apple.product-type.bundle.unit-test";
		};
		6E129BEE2365386700C51C19 /* VKNewsUITests */ = {
			isa = PBXNativeTarget;
			buildConfigurationList = 6E129BFE2365386700C51C19 /* Build configuration list for PBXNativeTarget "VKNewsUITests" */;
			buildPhases = (
				6E129BEB2365386700C51C19 /* Sources */,
				6E129BEC2365386700C51C19 /* Frameworks */,
				6E129BED2365386700C51C19 /* Resources */,
			);
			buildRules = (
			);
			dependencies = (
				6E129BF12365386700C51C19 /* PBXTargetDependency */,
			);
			name = VKNewsUITests;
			productName = VKNewsUITests;
			productReference = 6E129BEF2365386700C51C19 /* VKNewsUITests.xctest */;
			productType = "com.apple.product-type.bundle.ui-testing";
		};
/* End PBXNativeTarget section */

/* Begin PBXProject section */
		6E129BC82365386400C51C19 /* Project object */ = {
			isa = PBXProject;
			attributes = {
				LastSwiftUpdateCheck = 1030;
				LastUpgradeCheck = 1030;
				ORGANIZATIONNAME = "Dmitrii Andreianov";
				TargetAttributes = {
					6E129BCF2365386400C51C19 = {
						CreatedOnToolsVersion = 10.3;
					};
					6E129BE32365386700C51C19 = {
						CreatedOnToolsVersion = 10.3;
						TestTargetID = 6E129BCF2365386400C51C19;
					};
					6E129BEE2365386700C51C19 = {
						CreatedOnToolsVersion = 10.3;
						TestTargetID = 6E129BCF2365386400C51C19;
					};
				};
			};
			buildConfigurationList = 6E129BCB2365386400C51C19 /* Build configuration list for PBXProject "VKNews" */;
			compatibilityVersion = "Xcode 9.3";
			developmentRegion = en;
			hasScannedForEncodings = 0;
			knownRegions = (
				en,
				Base,
			);
			mainGroup = 6E129BC72365386400C51C19;
			productRefGroup = 6E129BD12365386400C51C19 /* Products */;
			projectDirPath = "";
			projectRoot = "";
			targets = (
				6E129BCF2365386400C51C19 /* VKNews */,
				6E129BE32365386700C51C19 /* VKNewsTests */,
				6E129BEE2365386700C51C19 /* VKNewsUITests */,
			);
		};
/* End PBXProject section */

/* Begin PBXResourcesBuildPhase section */
		6E129BCE2365386400C51C19 /* Resources */ = {
			isa = PBXResourcesBuildPhase;
			buildActionMask = 2147483647;
			files = (
				6E129BDE2365386700C51C19 /* LaunchScreen.storyboard in Resources */,
				6E7DA3A323672D2B003697F7 /* AuthViewController.storyboard in Resources */,
				6E3070F12367986C0025C6A5 /* NewsfeedViewController.storyboard in Resources */,
				6E129BDB2365386700C51C19 /* Assets.xcassets in Resources */,
				6E3070F62367A2D60025C6A5 /* NewsfeedCell.xib in Resources */,
			);
			runOnlyForDeploymentPostprocessing = 0;
		};
		6E129BE22365386700C51C19 /* Resources */ = {
			isa = PBXResourcesBuildPhase;
			buildActionMask = 2147483647;
			files = (
			);
			runOnlyForDeploymentPostprocessing = 0;
		};
		6E129BED2365386700C51C19 /* Resources */ = {
			isa = PBXResourcesBuildPhase;
			buildActionMask = 2147483647;
			files = (
			);
			runOnlyForDeploymentPostprocessing = 0;
		};
/* End PBXResourcesBuildPhase section */

/* Begin PBXShellScriptBuildPhase section */
		6E129C05236545AE00C51C19 /* ShellScript */ = {
			isa = PBXShellScriptBuildPhase;
			buildActionMask = 2147483647;
			files = (
			);
			inputFileListPaths = (
			);
			inputPaths = (
				"$(SRCROOT)/Carthage/Build/iOS/VKSdkFramework.framework",
			);
			outputFileListPaths = (
			);
			outputPaths = (
			);
			runOnlyForDeploymentPostprocessing = 0;
			shellPath = /bin/sh;
			shellScript = "/usr/local/bin/carthage copy-frameworks\n";
		};
/* End PBXShellScriptBuildPhase section */

/* Begin PBXSourcesBuildPhase section */
		6E129BCC2365386400C51C19 /* Sources */ = {
			isa = PBXSourcesBuildPhase;
			buildActionMask = 2147483647;
			files = (
				6E7DA3B523674C92003697F7 /* FeedResponse.swift in Sources */,
				6E093FE123823EF200C54020 /* String + Height.swift in Sources */,
				6E3070ED23678AC20025C6A5 /* NewsfeedViewController.swift in Sources */,
				6E7DA39E2365A051003697F7 /* AuthService.swift in Sources */,
				6E7DA3AD236737AB003697F7 /* UIViewController + Storyboard.swift in Sources */,
				6E3070E923678AC20025C6A5 /* NewsfeedPresenter.swift in Sources */,
				6E7DA3A123672CB3003697F7 /* AuthViewController.swift in Sources */,
				6E3070EB23678AC20025C6A5 /* NewsfeedRouter.swift in Sources */,
				6E7DA3B023673B7E003697F7 /* NetworkService.swift in Sources */,
				6E3070EC23678AC20025C6A5 /* NewsfeedModels.swift in Sources */,
				6E093FDF23724ACD00C54020 /* NewsfeedCellLayoutCalculator.swift in Sources */,
				6E093FDD236D15EF00C54020 /* WebImageView.swift in Sources */,
				6E7DA3B723674E9B003697F7 /* NetworkDataFetcher.swift in Sources */,
				6E3070EA23678AC20025C6A5 /* NewsfeedWorker.swift in Sources */,
				6E129BD42365386400C51C19 /* AppDelegate.swift in Sources */,
				6E7DA3B223673CB9003697F7 /* API.swift in Sources */,
				6E3070F42367A1ED0025C6A5 /* NewsfeedCell.swift in Sources */,
				6E3070EE23678AC20025C6A5 /* NewsfeedInteractor.swift in Sources */,
			);
			runOnlyForDeploymentPostprocessing = 0;
		};
		6E129BE02365386700C51C19 /* Sources */ = {
			isa = PBXSourcesBuildPhase;
			buildActionMask = 2147483647;
			files = (
				6E129BE92365386700C51C19 /* VKNewsTests.swift in Sources */,
			);
			runOnlyForDeploymentPostprocessing = 0;
		};
		6E129BEB2365386700C51C19 /* Sources */ = {
			isa = PBXSourcesBuildPhase;
			buildActionMask = 2147483647;
			files = (
				6E129BF42365386700C51C19 /* VKNewsUITests.swift in Sources */,
			);
			runOnlyForDeploymentPostprocessing = 0;
		};
/* End PBXSourcesBuildPhase section */

/* Begin PBXTargetDependency section */
		6E129BE62365386700C51C19 /* PBXTargetDependency */ = {
			isa = PBXTargetDependency;
			target = 6E129BCF2365386400C51C19 /* VKNews */;
			targetProxy = 6E129BE52365386700C51C19 /* PBXContainerItemProxy */;
		};
		6E129BF12365386700C51C19 /* PBXTargetDependency */ = {
			isa = PBXTargetDependency;
			target = 6E129BCF2365386400C51C19 /* VKNews */;
			targetProxy = 6E129BF02365386700C51C19 /* PBXContainerItemProxy */;
		};
/* End PBXTargetDependency section */

/* Begin PBXVariantGroup section */
		6E129BDC2365386700C51C19 /* LaunchScreen.storyboard */ = {
			isa = PBXVariantGroup;
			children = (
				6E129BDD2365386700C51C19 /* Base */,
			);
			name = LaunchScreen.storyboard;
			sourceTree = "<group>";
		};
/* End PBXVariantGroup section */

/* Begin XCBuildConfiguration section */
		6E129BF62365386700C51C19 /* Debug */ = {
			isa = XCBuildConfiguration;
			buildSettings = {
				ALWAYS_SEARCH_USER_PATHS = NO;
				CLANG_ANALYZER_NONNULL = YES;
				CLANG_ANALYZER_NUMBER_OBJECT_CONVERSION = YES_AGGRESSIVE;
				CLANG_CXX_LANGUAGE_STANDARD = "gnu++14";
				CLANG_CXX_LIBRARY = "libc++";
				CLANG_ENABLE_MODULES = YES;
				CLANG_ENABLE_OBJC_ARC = YES;
				CLANG_ENABLE_OBJC_WEAK = YES;
				CLANG_WARN_BLOCK_CAPTURE_AUTORELEASING = YES;
				CLANG_WARN_BOOL_CONVERSION = YES;
				CLANG_WARN_COMMA = YES;
				CLANG_WARN_CONSTANT_CONVERSION = YES;
				CLANG_WARN_DEPRECATED_OBJC_IMPLEMENTATIONS = YES;
				CLANG_WARN_DIRECT_OBJC_ISA_USAGE = YES_ERROR;
				CLANG_WARN_DOCUMENTATION_COMMENTS = YES;
				CLANG_WARN_EMPTY_BODY = YES;
				CLANG_WARN_ENUM_CONVERSION = YES;
				CLANG_WARN_INFINITE_RECURSION = YES;
				CLANG_WARN_INT_CONVERSION = YES;
				CLANG_WARN_NON_LITERAL_NULL_CONVERSION = YES;
				CLANG_WARN_OBJC_IMPLICIT_RETAIN_SELF = YES;
				CLANG_WARN_OBJC_LITERAL_CONVERSION = YES;
				CLANG_WARN_OBJC_ROOT_CLASS = YES_ERROR;
				CLANG_WARN_RANGE_LOOP_ANALYSIS = YES;
				CLANG_WARN_STRICT_PROTOTYPES = YES;
				CLANG_WARN_SUSPICIOUS_MOVE = YES;
				CLANG_WARN_UNGUARDED_AVAILABILITY = YES_AGGRESSIVE;
				CLANG_WARN_UNREACHABLE_CODE = YES;
				CLANG_WARN__DUPLICATE_METHOD_MATCH = YES;
				CODE_SIGN_IDENTITY = "iPhone Developer";
				COPY_PHASE_STRIP = NO;
				DEBUG_INFORMATION_FORMAT = dwarf;
				ENABLE_STRICT_OBJC_MSGSEND = YES;
				ENABLE_TESTABILITY = YES;
				GCC_C_LANGUAGE_STANDARD = gnu11;
				GCC_DYNAMIC_NO_PIC = NO;
				GCC_NO_COMMON_BLOCKS = YES;
				GCC_OPTIMIZATION_LEVEL = 0;
				GCC_PREPROCESSOR_DEFINITIONS = (
					"DEBUG=1",
					"$(inherited)",
				);
				GCC_WARN_64_TO_32_BIT_CONVERSION = YES;
				GCC_WARN_ABOUT_RETURN_TYPE = YES_ERROR;
				GCC_WARN_UNDECLARED_SELECTOR = YES;
				GCC_WARN_UNINITIALIZED_AUTOS = YES_AGGRESSIVE;
				GCC_WARN_UNUSED_FUNCTION = YES;
				GCC_WARN_UNUSED_VARIABLE = YES;
				IPHONEOS_DEPLOYMENT_TARGET = 12.4;
				MTL_ENABLE_DEBUG_INFO = INCLUDE_SOURCE;
				MTL_FAST_MATH = YES;
				ONLY_ACTIVE_ARCH = YES;
				SDKROOT = iphoneos;
				SWIFT_ACTIVE_COMPILATION_CONDITIONS = DEBUG;
				SWIFT_OPTIMIZATION_LEVEL = "-Onone";
			};
			name = Debug;
		};
		6E129BF72365386700C51C19 /* Release */ = {
			isa = XCBuildConfiguration;
			buildSettings = {
				ALWAYS_SEARCH_USER_PATHS = NO;
				CLANG_ANALYZER_NONNULL = YES;
				CLANG_ANALYZER_NUMBER_OBJECT_CONVERSION = YES_AGGRESSIVE;
				CLANG_CXX_LANGUAGE_STANDARD = "gnu++14";
				CLANG_CXX_LIBRARY = "libc++";
				CLANG_ENABLE_MODULES = YES;
				CLANG_ENABLE_OBJC_ARC = YES;
				CLANG_ENABLE_OBJC_WEAK = YES;
				CLANG_WARN_BLOCK_CAPTURE_AUTORELEASING = YES;
				CLANG_WARN_BOOL_CONVERSION = YES;
				CLANG_WARN_COMMA = YES;
				CLANG_WARN_CONSTANT_CONVERSION = YES;
				CLANG_WARN_DEPRECATED_OBJC_IMPLEMENTATIONS = YES;
				CLANG_WARN_DIRECT_OBJC_ISA_USAGE = YES_ERROR;
				CLANG_WARN_DOCUMENTATION_COMMENTS = YES;
				CLANG_WARN_EMPTY_BODY = YES;
				CLANG_WARN_ENUM_CONVERSION = YES;
				CLANG_WARN_INFINITE_RECURSION = YES;
				CLANG_WARN_INT_CONVERSION = YES;
				CLANG_WARN_NON_LITERAL_NULL_CONVERSION = YES;
				CLANG_WARN_OBJC_IMPLICIT_RETAIN_SELF = YES;
				CLANG_WARN_OBJC_LITERAL_CONVERSION = YES;
				CLANG_WARN_OBJC_ROOT_CLASS = YES_ERROR;
				CLANG_WARN_RANGE_LOOP_ANALYSIS = YES;
				CLANG_WARN_STRICT_PROTOTYPES = YES;
				CLANG_WARN_SUSPICIOUS_MOVE = YES;
				CLANG_WARN_UNGUARDED_AVAILABILITY = YES_AGGRESSIVE;
				CLANG_WARN_UNREACHABLE_CODE = YES;
				CLANG_WARN__DUPLICATE_METHOD_MATCH = YES;
				CODE_SIGN_IDENTITY = "iPhone Developer";
				COPY_PHASE_STRIP = NO;
				DEBUG_INFORMATION_FORMAT = "dwarf-with-dsym";
				ENABLE_NS_ASSERTIONS = NO;
				ENABLE_STRICT_OBJC_MSGSEND = YES;
				GCC_C_LANGUAGE_STANDARD = gnu11;
				GCC_NO_COMMON_BLOCKS = YES;
				GCC_WARN_64_TO_32_BIT_CONVERSION = YES;
				GCC_WARN_ABOUT_RETURN_TYPE = YES_ERROR;
				GCC_WARN_UNDECLARED_SELECTOR = YES;
				GCC_WARN_UNINITIALIZED_AUTOS = YES_AGGRESSIVE;
				GCC_WARN_UNUSED_FUNCTION = YES;
				GCC_WARN_UNUSED_VARIABLE = YES;
				IPHONEOS_DEPLOYMENT_TARGET = 12.4;
				MTL_ENABLE_DEBUG_INFO = NO;
				MTL_FAST_MATH = YES;
				SDKROOT = iphoneos;
				SWIFT_COMPILATION_MODE = wholemodule;
				SWIFT_OPTIMIZATION_LEVEL = "-O";
				VALIDATE_PRODUCT = YES;
			};
			name = Release;
		};
		6E129BF92365386700C51C19 /* Debug */ = {
			isa = XCBuildConfiguration;
			buildSettings = {
				ASSETCATALOG_COMPILER_APPICON_NAME = AppIcon;
				CODE_SIGN_STYLE = Automatic;
				DEVELOPMENT_TEAM = WNXV3L45KV;
				FRAMEWORK_SEARCH_PATHS = (
					"$(inherited)",
					"$(PROJECT_DIR)/Carthage/Build/iOS",
				);
				INFOPLIST_FILE = VKNews/Info.plist;
				LD_RUNPATH_SEARCH_PATHS = (
					"$(inherited)",
					"@executable_path/Frameworks",
				);
				PRODUCT_BUNDLE_IDENTIFIER = "Dmitrii-Andreianov.VKNews";
				PRODUCT_NAME = "$(TARGET_NAME)";
				SWIFT_VERSION = 5.0;
				TARGETED_DEVICE_FAMILY = "1,2";
			};
			name = Debug;
		};
		6E129BFA2365386700C51C19 /* Release */ = {
			isa = XCBuildConfiguration;
			buildSettings = {
				ASSETCATALOG_COMPILER_APPICON_NAME = AppIcon;
				CODE_SIGN_STYLE = Automatic;
				DEVELOPMENT_TEAM = WNXV3L45KV;
				FRAMEWORK_SEARCH_PATHS = (
					"$(inherited)",
					"$(PROJECT_DIR)/Carthage/Build/iOS",
				);
				INFOPLIST_FILE = VKNews/Info.plist;
				LD_RUNPATH_SEARCH_PATHS = (
					"$(inherited)",
					"@executable_path/Frameworks",
				);
				PRODUCT_BUNDLE_IDENTIFIER = "Dmitrii-Andreianov.VKNews";
				PRODUCT_NAME = "$(TARGET_NAME)";
				SWIFT_VERSION = 5.0;
				TARGETED_DEVICE_FAMILY = "1,2";
			};
			name = Release;
		};
		6E129BFC2365386700C51C19 /* Debug */ = {
			isa = XCBuildConfiguration;
			buildSettings = {
				ALWAYS_EMBED_SWIFT_STANDARD_LIBRARIES = YES;
				BUNDLE_LOADER = "$(TEST_HOST)";
				CODE_SIGN_STYLE = Automatic;
				DEVELOPMENT_TEAM = WNXV3L45KV;
				INFOPLIST_FILE = VKNewsTests/Info.plist;
				LD_RUNPATH_SEARCH_PATHS = (
					"$(inherited)",
					"@executable_path/Frameworks",
					"@loader_path/Frameworks",
				);
				PRODUCT_BUNDLE_IDENTIFIER = "Dmitrii-Andreianov.VKNewsTests";
				PRODUCT_NAME = "$(TARGET_NAME)";
				SWIFT_VERSION = 5.0;
				TARGETED_DEVICE_FAMILY = "1,2";
				TEST_HOST = "$(BUILT_PRODUCTS_DIR)/VKNews.app/VKNews";
			};
			name = Debug;
		};
		6E129BFD2365386700C51C19 /* Release */ = {
			isa = XCBuildConfiguration;
			buildSettings = {
				ALWAYS_EMBED_SWIFT_STANDARD_LIBRARIES = YES;
				BUNDLE_LOADER = "$(TEST_HOST)";
				CODE_SIGN_STYLE = Automatic;
				DEVELOPMENT_TEAM = WNXV3L45KV;
				INFOPLIST_FILE = VKNewsTests/Info.plist;
				LD_RUNPATH_SEARCH_PATHS = (
					"$(inherited)",
					"@executable_path/Frameworks",
					"@loader_path/Frameworks",
				);
				PRODUCT_BUNDLE_IDENTIFIER = "Dmitrii-Andreianov.VKNewsTests";
				PRODUCT_NAME = "$(TARGET_NAME)";
				SWIFT_VERSION = 5.0;
				TARGETED_DEVICE_FAMILY = "1,2";
				TEST_HOST = "$(BUILT_PRODUCTS_DIR)/VKNews.app/VKNews";
			};
			name = Release;
		};
		6E129BFF2365386700C51C19 /* Debug */ = {
			isa = XCBuildConfiguration;
			buildSettings = {
				ALWAYS_EMBED_SWIFT_STANDARD_LIBRARIES = YES;
				CODE_SIGN_STYLE = Automatic;
				DEVELOPMENT_TEAM = WNXV3L45KV;
				INFOPLIST_FILE = VKNewsUITests/Info.plist;
				LD_RUNPATH_SEARCH_PATHS = (
					"$(inherited)",
					"@executable_path/Frameworks",
					"@loader_path/Frameworks",
				);
				PRODUCT_BUNDLE_IDENTIFIER = "Dmitrii-Andreianov.VKNewsUITests";
				PRODUCT_NAME = "$(TARGET_NAME)";
				SWIFT_VERSION = 5.0;
				TARGETED_DEVICE_FAMILY = "1,2";
				TEST_TARGET_NAME = VKNews;
			};
			name = Debug;
		};
		6E129C002365386700C51C19 /* Release */ = {
			isa = XCBuildConfiguration;
			buildSettings = {
				ALWAYS_EMBED_SWIFT_STANDARD_LIBRARIES = YES;
				CODE_SIGN_STYLE = Automatic;
				DEVELOPMENT_TEAM = WNXV3L45KV;
				INFOPLIST_FILE = VKNewsUITests/Info.plist;
				LD_RUNPATH_SEARCH_PATHS = (
					"$(inherited)",
					"@executable_path/Frameworks",
					"@loader_path/Frameworks",
				);
				PRODUCT_BUNDLE_IDENTIFIER = "Dmitrii-Andreianov.VKNewsUITests";
				PRODUCT_NAME = "$(TARGET_NAME)";
				SWIFT_VERSION = 5.0;
				TARGETED_DEVICE_FAMILY = "1,2";
				TEST_TARGET_NAME = VKNews;
			};
			name = Release;
		};
/* End XCBuildConfiguration section */

/* Begin XCConfigurationList section */
		6E129BCB2365386400C51C19 /* Build configuration list for PBXProject "VKNews" */ = {
			isa = XCConfigurationList;
			buildConfigurations = (
				6E129BF62365386700C51C19 /* Debug */,
				6E129BF72365386700C51C19 /* Release */,
			);
			defaultConfigurationIsVisible = 0;
			defaultConfigurationName = Release;
		};
		6E129BF82365386700C51C19 /* Build configuration list for PBXNativeTarget "VKNews" */ = {
			isa = XCConfigurationList;
			buildConfigurations = (
				6E129BF92365386700C51C19 /* Debug */,
				6E129BFA2365386700C51C19 /* Release */,
			);
			defaultConfigurationIsVisible = 0;
			defaultConfigurationName = Release;
		};
		6E129BFB2365386700C51C19 /* Build configuration list for PBXNativeTarget "VKNewsTests" */ = {
			isa = XCConfigurationList;
			buildConfigurations = (
				6E129BFC2365386700C51C19 /* Debug */,
				6E129BFD2365386700C51C19 /* Release */,
			);
			defaultConfigurationIsVisible = 0;
			defaultConfigurationName = Release;
		};
		6E129BFE2365386700C51C19 /* Build configuration list for PBXNativeTarget "VKNewsUITests" */ = {
			isa = XCConfigurationList;
			buildConfigurations = (
				6E129BFF2365386700C51C19 /* Debug */,
				6E129C002365386700C51C19 /* Release */,
			);
			defaultConfigurationIsVisible = 0;
			defaultConfigurationName = Release;
		};
/* End XCConfigurationList section */
	};
	rootObject = 6E129BC82365386400C51C19 /* Project object */;
}
